
Microsoft Visual Studio Solution File, Format Version 12.00
# Visual Studio 2013
VisualStudioVersion = 12.0.40629.0
MinimumVisualStudioVersion = 10.0.40219.1
Project("{FAE04EC0-301F-11D3-BF4B-00C04F79EFBC}") = "Figure", "Figure\Figure.csproj", "{E63D02E2-48F7-40EB-B9EB-ECF52E7E9A55}"
EndProject
Project("{FAE04EC0-301F-11D3-BF4B-00C04F79EFBC}") = "Figure.Tests", "Figure.Tests\Figure.Tests.csproj", "{D3D6D30E-1EF6-4BD8-B2BA-D171C0A0A8D4}"
EndProject
Global
	GlobalSection(SolutionConfigurationPlatforms) = preSolution
		Debug|Any CPU = Debug|Any CPU
		Release|Any CPU = Release|Any CPU
	EndGlobalSection
	GlobalSection(ProjectConfigurationPlatforms) = postSolution
		{E63D02E2-48F7-40EB-B9EB-ECF52E7E9A55}.Debug|Any CPU.ActiveCfg = Debug|Any CPU
		{E63D02E2-48F7-40EB-B9EB-ECF52E7E9A55}.Debug|Any CPU.Build.0 = Debug|Any CPU
		{E63D02E2-48F7-40EB-B9EB-ECF52E7E9A55}.Release|Any CPU.ActiveCfg = Release|Any CPU
		{E63D02E2-48F7-40EB-B9EB-ECF52E7E9A55}.Release|Any CPU.Build.0 = Release|Any CPU
		{D3D6D30E-1EF6-4BD8-B2BA-D171C0A0A8D4}.Debug|Any CPU.ActiveCfg = Debug|Any CPU
		{D3D6D30E-1EF6-4BD8-B2BA-D171C0A0A8D4}.Debug|Any CPU.Build.0 = Debug|Any CPU
		{D3D6D30E-1EF6-4BD8-B2BA-D171C0A0A8D4}.Release|Any CPU.ActiveCfg = Release|Any CPU
		{D3D6D30E-1EF6-4BD8-B2BA-D171C0A0A8D4}.Release|Any CPU.Build.0 = Release|Any CPU
	EndGlobalSection
	GlobalSection(SolutionProperties) = preSolution
		HideSolutionNode = FALSE
	EndGlobalSection
EndGlobal
